
Microsoft Visual Studio Solution File, Format Version 12.00
# Visual Studio Version 16
VisualStudioVersion = 16.0.29728.190
MinimumVisualStudioVersion = 10.0.40219.1
Project("{FAE04EC0-301F-11D3-BF4B-00C04F79EFBC}") = "Han_Dewinter_Oefening1", "Han_Dewinter_Oefening1\Han_Dewinter_Oefening1.csproj", "{5EB591E7-86D2-4691-9F5D-1E66CADF5B5F}"
EndProject
Global
	GlobalSection(SolutionConfigurationPlatforms) = preSolution
		Debug|Any CPU = Debug|Any CPU
		Release|Any CPU = Release|Any CPU
	EndGlobalSection
	GlobalSection(ProjectConfigurationPlatforms) = postSolution
		{5EB591E7-86D2-4691-9F5D-1E66CADF5B5F}.Debug|Any CPU.ActiveCfg = Debug|Any CPU
		{5EB591E7-86D2-4691-9F5D-1E66CADF5B5F}.Debug|Any CPU.Build.0 = Debug|Any CPU
		{5EB591E7-86D2-4691-9F5D-1E66CADF5B5F}.Release|Any CPU.ActiveCfg = Release|Any CPU
		{5EB591E7-86D2-4691-9F5D-1E66CADF5B5F}.Release|Any CPU.Build.0 = Release|Any CPU
	EndGlobalSection
	GlobalSection(SolutionProperties) = preSolution
		HideSolutionNode = FALSE
	EndGlobalSection
	GlobalSection(ExtensibilityGlobals) = postSolution
		SolutionGuid = {C8F0CD63-BE7E-409A-A4BB-EACAC2930305}
	EndGlobalSection
EndGlobal
